# This file is autogenerated, do not edit; changes may be undone by the next 'dep ensure'.


[[projects]]
  branch = "master"
  name = "github.com/serenize/snaker"
  packages = ["."]
  revision = "a683aaf2d516deecd70cad0c72e3ca773ecfcef0"

[solve-meta]
  analyzer-name = "dep"
  analyzer-version = 1
  inputs-digest = "82240bf3632ed9c155b1a5e13888b16c7a7ddc2bf57212ed0852f70f0477df0d"
  solver-name = "gps-cdcl"
  solver-version = 1
